// !$*UTF8*$!
{
	archiveVersion = 1;
	classes = {
	};
	objectVersion = 46;
	objects = {

/* Begin PBXBuildFile section */
		842907D51C77280300306DBB /* AppDelegate.swift in Sources */ = {isa = PBXBuildFile; fileRef = 842907D41C77280300306DBB /* AppDelegate.swift */; };
		842907D71C77280300306DBB /* ViewController.swift in Sources */ = {isa = PBXBuildFile; fileRef = 842907D61C77280300306DBB /* ViewController.swift */; };
		842907DA1C77280300306DBB /* Main.storyboard in Resources */ = {isa = PBXBuildFile; fileRef = 842907D81C77280300306DBB /* Main.storyboard */; };
		842907DC1C77280300306DBB /* Assets.xcassets in Resources */ = {isa = PBXBuildFile; fileRef = 842907DB1C77280300306DBB /* Assets.xcassets */; };
		842907DF1C77280300306DBB /* LaunchScreen.storyboard in Resources */ = {isa = PBXBuildFile; fileRef = 842907DD1C77280300306DBB /* LaunchScreen.storyboard */; };
		845A70B11C789ADB0071C5AE /* CTAlertView.swift in Sources */ = {isa = PBXBuildFile; fileRef = 845A70B01C789ADB0071C5AE /* CTAlertView.swift */; };
		845A70B71C7A4D030071C5AE /* CTAlertController.swift in Sources */ = {isa = PBXBuildFile; fileRef = 845A70B61C7A4D030071C5AE /* CTAlertController.swift */; };
/* End PBXBuildFile section */

/* Begin PBXFileReference section */
		842907D11C77280300306DBB /* CTAlertView.app */ = {isa = PBXFileReference; explicitFileType = wrapper.application; includeInIndex = 0; path = CTAlertView.app; sourceTree = BUILT_PRODUCTS_DIR; };
		842907D41C77280300306DBB /* AppDelegate.swift */ = {isa = PBXFileReference; lastKnownFileType = sourcecode.swift; path = AppDelegate.swift; sourceTree = "<group>"; };
		842907D61C77280300306DBB /* ViewController.swift */ = {isa = PBXFileReference; lastKnownFileType = sourcecode.swift; path = ViewController.swift; sourceTree = "<group>"; };
		842907D91C77280300306DBB /* Base */ = {isa = PBXFileReference; lastKnownFileType = file.storyboard; name = Base; path = Base.lproj/Main.storyboard; sourceTree = "<group>"; };
		842907DB1C77280300306DBB /* Assets.xcassets */ = {isa = PBXFileReference; lastKnownFileType = folder.assetcatalog; path = Assets.xcassets; sourceTree = "<group>"; };
		842907DE1C77280300306DBB /* Base */ = {isa = PBXFileReference; lastKnownFileType = file.storyboard; name = Base; path = Base.lproj/LaunchScreen.storyboard; sourceTree = "<group>"; };
		842907E01C77280300306DBB /* Info.plist */ = {isa = PBXFileReference; lastKnownFileType = text.plist.xml; path = Info.plist; sourceTree = "<group>"; };
		845A70B01C789ADB0071C5AE /* CTAlertView.swift */ = {isa = PBXFileReference; fileEncoding = 4; lastKnownFileType = sourcecode.swift; name = CTAlertView.swift; path = Alert/CTAlertView.swift; sourceTree = "<group>"; };
		845A70B61C7A4D030071C5AE /* CTAlertController.swift */ = {isa = PBXFileReference; fileEncoding = 4; lastKnownFileType = sourcecode.swift; name = CTAlertController.swift; path = Alert/CTAlertController.swift; sourceTree = "<group>"; };
/* End PBXFileReference section */

/* Begin PBXFrameworksBuildPhase section */
		842907CE1C77280300306DBB /* Frameworks */ = {
			isa = PBXFrameworksBuildPhase;
			buildActionMask = 2147483647;
			files = (
			);
			runOnlyForDeploymentPostprocessing = 0;
		};
/* End PBXFrameworksBuildPhase section */

/* Begin PBXGroup section */
		842907C81C77280300306DBB = {
			isa = PBXGroup;
			children = (
				842907D31C77280300306DBB /* CTAlertView */,
				842907D21C77280300306DBB /* Products */,
			);
			sourceTree = "<group>";
		};
		842907D21C77280300306DBB /* Products */ = {
			isa = PBXGroup;
			children = (
				842907D11C77280300306DBB /* CTAlertView.app */,
			);
			name = Products;
			sourceTree = "<group>";
		};
		842907D31C77280300306DBB /* CTAlertView */ = {
			isa = PBXGroup;
			children = (
				845A70AB1C7892F90071C5AE /* Alert */,
				842907D41C77280300306DBB /* AppDelegate.swift */,
				842907D61C77280300306DBB /* ViewController.swift */,
				842907D81C77280300306DBB /* Main.storyboard */,
				842907DB1C77280300306DBB /* Assets.xcassets */,
				842907DD1C77280300306DBB /* LaunchScreen.storyboard */,
				842907E01C77280300306DBB /* Info.plist */,
			);
			path = CTAlertView;
			sourceTree = "<group>";
		};
		845A70AB1C7892F90071C5AE /* Alert */ = {
			isa = PBXGroup;
			children = (
				845A70B01C789ADB0071C5AE /* CTAlertView.swift */,
				845A70B61C7A4D030071C5AE /* CTAlertController.swift */,
			);
			name = Alert;
			sourceTree = "<group>";
		};
/* End PBXGroup section */

/* Begin PBXNativeTarget section */
		842907D01C77280300306DBB /* CTAlertView */ = {
			isa = PBXNativeTarget;
			buildConfigurationList = 842907E31C77280300306DBB /* Build configuration list for PBXNativeTarget "CTAlertView" */;
			buildPhases = (
				842907CD1C77280300306DBB /* Sources */,
				842907CE1C77280300306DBB /* Frameworks */,
				842907CF1C77280300306DBB /* Resources */,
			);
			buildRules = (
			);
			dependencies = (
			);
			name = CTAlertView;
			productName = CTAlertView;
			productReference = 842907D11C77280300306DBB /* CTAlertView.app */;
			productType = "com.apple.product-type.application";
		};
/* End PBXNativeTarget section */

/* Begin PBXProject section */
		842907C91C77280300306DBB /* Project object */ = {
			isa = PBXProject;
			attributes = {
				LastSwiftUpdateCheck = 0720;
				LastUpgradeCheck = 0720;
				ORGANIZATIONNAME = "Clay Tinnell";
				TargetAttributes = {
					842907D01C77280300306DBB = {
						CreatedOnToolsVersion = 7.2.1;
					};
				};
			};
			buildConfigurationList = 842907CC1C77280300306DBB /* Build configuration list for PBXProject "CTAlertView" */;
			compatibilityVersion = "Xcode 3.2";
			developmentRegion = English;
			hasScannedForEncodings = 0;
			knownRegions = (
				en,
				Base,
			);
			mainGroup = 842907C81C77280300306DBB;
			productRefGroup = 842907D21C77280300306DBB /* Products */;
			projectDirPath = "";
			projectRoot = "";
			targets = (
				842907D01C77280300306DBB /* CTAlertView */,
			);
		};
/* End PBXProject section */

/* Begin PBXResourcesBuildPhase section */
		842907CF1C77280300306DBB /* Resources */ = {
			isa = PBXResourcesBuildPhase;
			buildActionMask = 2147483647;
			files = (
				842907DF1C77280300306DBB /* LaunchScreen.storyboard in Resources */,
				842907DC1C77280300306DBB /* Assets.xcassets in Resources */,
				842907DA1C77280300306DBB /* Main.storyboard in Resources */,
			);
			runOnlyForDeploymentPostprocessing = 0;
		};
/* End PBXResourcesBuildPhase section */

/* Begin PBXSourcesBuildPhase section */
		842907CD1C77280300306DBB /* Sources */ = {
			isa = PBXSourcesBuildPhase;
			buildActionMask = 2147483647;
			files = (
				842907D71C77280300306DBB /* ViewController.swift in Sources */,
				845A70B71C7A4D030071C5AE /* CTAlertController.swift in Sources */,
				845A70B11C789ADB0071C5AE /* CTAlertView.swift in Sources */,
				842907D51C77280300306DBB /* AppDelegate.swift in Sources */,
			);
			runOnlyForDeploymentPostprocessing = 0;
		};
/* End PBXSourcesBuildPhase section */

/* Begin PBXVariantGroup section */
		842907D81C77280300306DBB /* Main.storyboard */ = {
			isa = PBXVariantGroup;
			children = (
				842907D91C77280300306DBB /* Base */,
			);
			name = Main.storyboard;
			sourceTree = "<group>";
		};
		842907DD1C77280300306DBB /* LaunchScreen.storyboard */ = {
			isa = PBXVariantGroup;
			children = (
				842907DE1C77280300306DBB /* Base */,
			);
			name = LaunchScreen.storyboard;
			sourceTree = "<group>";
		};
/* End PBXVariantGroup section */

/* Begin XCBuildConfiguration section */
		842907E11C77280300306DBB /* Debug */ = {
			isa = XCBuildConfiguration;
			buildSettings = {
				ALWAYS_SEARCH_USER_PATHS = NO;
				CLANG_CXX_LANGUAGE_STANDARD = "gnu++0x";
				CLANG_CXX_LIBRARY = "libc++";
				CLANG_ENABLE_MODULES = YES;
				CLANG_ENABLE_OBJC_ARC = YES;
				CLANG_WARN_BOOL_CONVERSION = YES;
				CLANG_WARN_CONSTANT_CONVERSION = YES;
				CLANG_WARN_DIRECT_OBJC_ISA_USAGE = YES_ERROR;
				CLANG_WARN_EMPTY_BODY = YES;
				CLANG_WARN_ENUM_CONVERSION = YES;
				CLANG_WARN_INT_CONVERSION = YES;
				CLANG_WARN_OBJC_ROOT_CLASS = YES_ERROR;
				CLANG_WARN_UNREACHABLE_CODE = YES;
				CLANG_WARN__DUPLICATE_METHOD_MATCH = YES;
				"CODE_SIGN_IDENTITY[sdk=iphoneos*]" = "iPhone Developer";
				COPY_PHASE_STRIP = NO;
				DEBUG_INFORMATION_FORMAT = dwarf;
				ENABLE_STRICT_OBJC_MSGSEND = YES;
				ENABLE_TESTABILITY = YES;
				GCC_C_LANGUAGE_STANDARD = gnu99;
				GCC_DYNAMIC_NO_PIC = NO;
				GCC_NO_COMMON_BLOCKS = YES;
				GCC_OPTIMIZATION_LEVEL = 0;
				GCC_PREPROCESSOR_DEFINITIONS = (
					"DEBUG=1",
					"$(inherited)",
				);
				GCC_WARN_64_TO_32_BIT_CONVERSION = YES;
				GCC_WARN_ABOUT_RETURN_TYPE = YES_ERROR;
				GCC_WARN_UNDECLARED_SELECTOR = YES;
				GCC_WARN_UNINITIALIZED_AUTOS = YES_AGGRESSIVE;
				GCC_WARN_UNUSED_FUNCTION = YES;
				GCC_WARN_UNUSED_VARIABLE = YES;
				IPHONEOS_DEPLOYMENT_TARGET = 9.2;
				MTL_ENABLE_DEBUG_INFO = YES;
				ONLY_ACTIVE_ARCH = YES;
				SDKROOT = iphoneos;
				SWIFT_OPTIMIZATION_LEVEL = "-Onone";
			};
			name = Debug;
		};
		842907E21C77280300306DBB /* Release */ = {
			isa = XCBuildConfiguration;
			buildSettings = {
				ALWAYS_SEARCH_USER_PATHS = NO;
				CLANG_CXX_LANGUAGE_STANDARD = "gnu++0x";
				CLANG_CXX_LIBRARY = "libc++";
				CLANG_ENABLE_MODULES = YES;
				CLANG_ENABLE_OBJC_ARC = YES;
				CLANG_WARN_BOOL_CONVERSION = YES;
				CLANG_WARN_CONSTANT_CONVERSION = YES;
				CLANG_WARN_DIRECT_OBJC_ISA_USAGE = YES_ERROR;
				CLANG_WARN_EMPTY_BODY = YES;
				CLANG_WARN_ENUM_CONVERSION = YES;
				CLANG_WARN_INT_CONVERSION = YES;
				CLANG_WARN_OBJC_ROOT_CLASS = YES_ERROR;
				CLANG_WARN_UNREACHABLE_CODE = YES;
				CLANG_WARN__DUPLICATE_METHOD_MATCH = YES;
				"CODE_SIGN_IDENTITY[sdk=iphoneos*]" = "iPhone Developer";
				COPY_PHASE_STRIP = NO;
				DEBUG_INFORMATION_FORMAT = "dwarf-with-dsym";
				ENABLE_NS_ASSERTIONS = NO;
				ENABLE_STRICT_OBJC_MSGSEND = YES;
				GCC_C_LANGUAGE_STANDARD = gnu99;
				GCC_NO_COMMON_BLOCKS = YES;
				GCC_WARN_64_TO_32_BIT_CONVERSION = YES;
				GCC_WARN_ABOUT_RETURN_TYPE = YES_ERROR;
				GCC_WARN_UNDECLARED_SELECTOR = YES;
				GCC_WARN_UNINITIALIZED_AUTOS = YES_AGGRESSIVE;
				GCC_WARN_UNUSED_FUNCTION = YES;
				GCC_WARN_UNUSED_VARIABLE = YES;
				IPHONEOS_DEPLOYMENT_TARGET = 9.2;
				MTL_ENABLE_DEBUG_INFO = NO;
				SDKROOT = iphoneos;
				VALIDATE_PRODUCT = YES;
			};
			name = Release;
		};
		842907E41C77280300306DBB /* Debug */ = {
			isa = XCBuildConfiguration;
			buildSettings = {
				ASSETCATALOG_COMPILER_APPICON_NAME = AppIcon;
				INFOPLIST_FILE = CTAlertView/Info.plist;
				LD_RUNPATH_SEARCH_PATHS = "$(inherited) @executable_path/Frameworks";
				PRODUCT_BUNDLE_IDENTIFIER = com.claytinnell.CTAlertView;
				PRODUCT_NAME = "$(TARGET_NAME)";
			};
			name = Debug;
		};
		842907E51C77280300306DBB /* Release */ = {
			isa = XCBuildConfiguration;
			buildSettings = {
				ASSETCATALOG_COMPILER_APPICON_NAME = AppIcon;
				INFOPLIST_FILE = CTAlertView/Info.plist;
				LD_RUNPATH_SEARCH_PATHS = "$(inherited) @executable_path/Frameworks";
				PRODUCT_BUNDLE_IDENTIFIER = com.claytinnell.CTAlertView;
				PRODUCT_NAME = "$(TARGET_NAME)";
			};
			name = Release;
		};
/* End XCBuildConfiguration section */

/* Begin XCConfigurationList section */
		842907CC1C77280300306DBB /* Build configuration list for PBXProject "CTAlertView" */ = {
			isa = XCConfigurationList;
			buildConfigurations = (
				842907E11C77280300306DBB /* Debug */,
				842907E21C77280300306DBB /* Release */,
			);
			defaultConfigurationIsVisible = 0;
			defaultConfigurationName = Release;
		};
		842907E31C77280300306DBB /* Build configuration list for PBXNativeTarget "CTAlertView" */ = {
			isa = XCConfigurationList;
			buildConfigurations = (
				842907E41C77280300306DBB /* Debug */,
				842907E51C77280300306DBB /* Release */,
			);
			defaultConfigurationIsVisible = 0;
			defaultConfigurationName = Release;
		};
/* End XCConfigurationList section */
	};
	rootObject = 842907C91C77280300306DBB /* Project object */;
}
